// !$*UTF8*$!
{
	archiveVersion = 1;
	classes = {
	};
	objectVersion = 56;
	objects = {

/* Begin PBXBuildFile section */
		652A065C29523820008F6D22 /* AppDelegate.swift in Sources */ = {isa = PBXBuildFile; fileRef = 652A065B29523820008F6D22 /* AppDelegate.swift */; };
		652A065E29523820008F6D22 /* SceneDelegate.swift in Sources */ = {isa = PBXBuildFile; fileRef = 652A065D29523820008F6D22 /* SceneDelegate.swift */; };
		652A066029523820008F6D22 /* ReminderListViewController.swift in Sources */ = {isa = PBXBuildFile; fileRef = 652A065F29523820008F6D22 /* ReminderListViewController.swift */; };
		652A066329523820008F6D22 /* Main.storyboard in Resources */ = {isa = PBXBuildFile; fileRef = 652A066129523820008F6D22 /* Main.storyboard */; };
		652A066529523821008F6D22 /* Assets.xcassets in Resources */ = {isa = PBXBuildFile; fileRef = 652A066429523821008F6D22 /* Assets.xcassets */; };
		652A066829523821008F6D22 /* LaunchScreen.storyboard in Resources */ = {isa = PBXBuildFile; fileRef = 652A066629523821008F6D22 /* LaunchScreen.storyboard */; };
		652A067129523A6D008F6D22 /* Reminder.swift in Sources */ = {isa = PBXBuildFile; fileRef = 652A067029523A6D008F6D22 /* Reminder.swift */; };
		652A0673295241B3008F6D22 /* Date+Today.swift in Sources */ = {isa = PBXBuildFile; fileRef = 652A0672295241B3008F6D22 /* Date+Today.swift */; };
		652A067B29537C5E008F6D22 /* ReminderListViewController+DataSource.swift in Sources */ = {isa = PBXBuildFile; fileRef = 652A067A29537C5E008F6D22 /* ReminderListViewController+DataSource.swift */; };
		652A067D29537F7A008F6D22 /* UIColor+Today.swift in Sources */ = {isa = PBXBuildFile; fileRef = 652A067C29537F7A008F6D22 /* UIColor+Today.swift */; };
		652A067F29538BFD008F6D22 /* ReminderDoneButton.swift in Sources */ = {isa = PBXBuildFile; fileRef = 652A067E29538BFD008F6D22 /* ReminderDoneButton.swift */; };
		652A068129538C8F008F6D22 /* ReminderListViewController+Actions.swift in Sources */ = {isa = PBXBuildFile; fileRef = 652A068029538C8F008F6D22 /* ReminderListViewController+Actions.swift */; };
		652A068329549D80008F6D22 /* ReminderViewController.swift in Sources */ = {isa = PBXBuildFile; fileRef = 652A068229549D80008F6D22 /* ReminderViewController.swift */; };
		652A06872954A00C008F6D22 /* ReminderViewController+Row.swift in Sources */ = {isa = PBXBuildFile; fileRef = 652A06862954A00C008F6D22 /* ReminderViewController+Row.swift */; };
		65406346298D5139003B9FE5 /* ReminderViewController+Section.swift in Sources */ = {isa = PBXBuildFile; fileRef = 65406345298D5139003B9FE5 /* ReminderViewController+Section.swift */; };
		65406348298D5D14003B9FE5 /* ReminderViewController+CellConfiguration.swift in Sources */ = {isa = PBXBuildFile; fileRef = 65406347298D5D14003B9FE5 /* ReminderViewController+CellConfiguration.swift */; };
		6540634B298D9A92003B9FE5 /* UIView+PinnedSubview.swift in Sources */ = {isa = PBXBuildFile; fileRef = 6540634A298D9A92003B9FE5 /* UIView+PinnedSubview.swift */; };
		6540634D298D9BCB003B9FE5 /* TextFieldContentView.swift in Sources */ = {isa = PBXBuildFile; fileRef = 6540634C298D9BCB003B9FE5 /* TextFieldContentView.swift */; };
		6540634F298D9D69003B9FE5 /* Configuration+Stateless.swift in Sources */ = {isa = PBXBuildFile; fileRef = 6540634E298D9D69003B9FE5 /* Configuration+Stateless.swift */; };
		654063512991844F003B9FE5 /* TextViewContentView.swift in Sources */ = {isa = PBXBuildFile; fileRef = 654063502991844F003B9FE5 /* TextViewContentView.swift */; };
		65406353299185D3003B9FE5 /* DatePickerContentView.swift in Sources */ = {isa = PBXBuildFile; fileRef = 65406352299185D3003B9FE5 /* DatePickerContentView.swift */; };
/* End PBXBuildFile section */

/* Begin PBXFileReference section */
		652A065829523820008F6D22 /* Today.app */ = {isa = PBXFileReference; explicitFileType = wrapper.application; includeInIndex = 0; path = Today.app; sourceTree = BUILT_PRODUCTS_DIR; };
		652A065B29523820008F6D22 /* AppDelegate.swift */ = {isa = PBXFileReference; lastKnownFileType = sourcecode.swift; path = AppDelegate.swift; sourceTree = "<group>"; };
		652A065D29523820008F6D22 /* SceneDelegate.swift */ = {isa = PBXFileReference; lastKnownFileType = sourcecode.swift; path = SceneDelegate.swift; sourceTree = "<group>"; };
		652A065F29523820008F6D22 /* ReminderListViewController.swift */ = {isa = PBXFileReference; lastKnownFileType = sourcecode.swift; path = ReminderListViewController.swift; sourceTree = "<group>"; };
		652A066229523820008F6D22 /* Base */ = {isa = PBXFileReference; lastKnownFileType = file.storyboard; name = Base; path = Base.lproj/Main.storyboard; sourceTree = "<group>"; };
		652A066429523821008F6D22 /* Assets.xcassets */ = {isa = PBXFileReference; lastKnownFileType = folder.assetcatalog; path = Assets.xcassets; sourceTree = "<group>"; };
		652A066729523821008F6D22 /* Base */ = {isa = PBXFileReference; lastKnownFileType = file.storyboard; name = Base; path = Base.lproj/LaunchScreen.storyboard; sourceTree = "<group>"; };
		652A066929523821008F6D22 /* Info.plist */ = {isa = PBXFileReference; lastKnownFileType = text.plist.xml; path = Info.plist; sourceTree = "<group>"; };
		652A067029523A6D008F6D22 /* Reminder.swift */ = {isa = PBXFileReference; lastKnownFileType = sourcecode.swift; path = Reminder.swift; sourceTree = "<group>"; };
		652A0672295241B3008F6D22 /* Date+Today.swift */ = {isa = PBXFileReference; lastKnownFileType = sourcecode.swift; path = "Date+Today.swift"; sourceTree = "<group>"; };
		652A067A29537C5E008F6D22 /* ReminderListViewController+DataSource.swift */ = {isa = PBXFileReference; lastKnownFileType = sourcecode.swift; path = "ReminderListViewController+DataSource.swift"; sourceTree = "<group>"; };
		652A067C29537F7A008F6D22 /* UIColor+Today.swift */ = {isa = PBXFileReference; lastKnownFileType = sourcecode.swift; path = "UIColor+Today.swift"; sourceTree = "<group>"; };
		652A067E29538BFD008F6D22 /* ReminderDoneButton.swift */ = {isa = PBXFileReference; lastKnownFileType = sourcecode.swift; path = ReminderDoneButton.swift; sourceTree = "<group>"; };
		652A068029538C8F008F6D22 /* ReminderListViewController+Actions.swift */ = {isa = PBXFileReference; lastKnownFileType = sourcecode.swift; path = "ReminderListViewController+Actions.swift"; sourceTree = "<group>"; };
		652A068229549D80008F6D22 /* ReminderViewController.swift */ = {isa = PBXFileReference; lastKnownFileType = sourcecode.swift; path = ReminderViewController.swift; sourceTree = "<group>"; };
		652A06862954A00C008F6D22 /* ReminderViewController+Row.swift */ = {isa = PBXFileReference; lastKnownFileType = sourcecode.swift; path = "ReminderViewController+Row.swift"; sourceTree = "<group>"; };
		65406345298D5139003B9FE5 /* ReminderViewController+Section.swift */ = {isa = PBXFileReference; lastKnownFileType = sourcecode.swift; path = "ReminderViewController+Section.swift"; sourceTree = "<group>"; };
		65406347298D5D14003B9FE5 /* ReminderViewController+CellConfiguration.swift */ = {isa = PBXFileReference; lastKnownFileType = sourcecode.swift; path = "ReminderViewController+CellConfiguration.swift"; sourceTree = "<group>"; };
		6540634A298D9A92003B9FE5 /* UIView+PinnedSubview.swift */ = {isa = PBXFileReference; lastKnownFileType = sourcecode.swift; path = "UIView+PinnedSubview.swift"; sourceTree = "<group>"; };
		6540634C298D9BCB003B9FE5 /* TextFieldContentView.swift */ = {isa = PBXFileReference; lastKnownFileType = sourcecode.swift; path = TextFieldContentView.swift; sourceTree = "<group>"; };
		6540634E298D9D69003B9FE5 /* Configuration+Stateless.swift */ = {isa = PBXFileReference; lastKnownFileType = sourcecode.swift; path = "Configuration+Stateless.swift"; sourceTree = "<group>"; };
		654063502991844F003B9FE5 /* TextViewContentView.swift */ = {isa = PBXFileReference; lastKnownFileType = sourcecode.swift; path = TextViewContentView.swift; sourceTree = "<group>"; };
		65406352299185D3003B9FE5 /* DatePickerContentView.swift */ = {isa = PBXFileReference; lastKnownFileType = sourcecode.swift; path = DatePickerContentView.swift; sourceTree = "<group>"; };
/* End PBXFileReference section */

/* Begin PBXFrameworksBuildPhase section */
		652A065529523820008F6D22 /* Frameworks */ = {
			isa = PBXFrameworksBuildPhase;
			buildActionMask = 2147483647;
			files = (
			);
			runOnlyForDeploymentPostprocessing = 0;
		};
/* End PBXFrameworksBuildPhase section */

/* Begin PBXGroup section */
		652A064F29523820008F6D22 = {
			isa = PBXGroup;
			children = (
				652A065A29523820008F6D22 /* Today */,
				652A065929523820008F6D22 /* Products */,
			);
			sourceTree = "<group>";
		};
		652A065929523820008F6D22 /* Products */ = {
			isa = PBXGroup;
			children = (
				652A065829523820008F6D22 /* Today.app */,
			);
			name = Products;
			sourceTree = "<group>";
		};
		652A065A29523820008F6D22 /* Today */ = {
			isa = PBXGroup;
			children = (
				65406349298D9A80003B9FE5 /* ContentViews */,
				652A066F29523A5F008F6D22 /* Models */,
				652A065B29523820008F6D22 /* AppDelegate.swift */,
				652A065D29523820008F6D22 /* SceneDelegate.swift */,
				652A067E29538BFD008F6D22 /* ReminderDoneButton.swift */,
				652A068529549FF7008F6D22 /* DetailViewController */,
				652A067929537C4C008F6D22 /* ListViewController */,
				652A066129523820008F6D22 /* Main.storyboard */,
				652A066429523821008F6D22 /* Assets.xcassets */,
				652A066629523821008F6D22 /* LaunchScreen.storyboard */,
				652A066929523821008F6D22 /* Info.plist */,
			);
			path = Today;
			sourceTree = "<group>";
		};
		652A066F29523A5F008F6D22 /* Models */ = {
			isa = PBXGroup;
			children = (
				652A067029523A6D008F6D22 /* Reminder.swift */,
				652A0672295241B3008F6D22 /* Date+Today.swift */,
				652A067C29537F7A008F6D22 /* UIColor+Today.swift */,
			);
			path = Models;
			sourceTree = "<group>";
		};
		652A067929537C4C008F6D22 /* ListViewController */ = {
			isa = PBXGroup;
			children = (
				652A065F29523820008F6D22 /* ReminderListViewController.swift */,
				652A067A29537C5E008F6D22 /* ReminderListViewController+DataSource.swift */,
				652A068029538C8F008F6D22 /* ReminderListViewController+Actions.swift */,
			);
			path = ListViewController;
			sourceTree = "<group>";
		};
		652A068529549FF7008F6D22 /* DetailViewController */ = {
			isa = PBXGroup;
			children = (
				652A068229549D80008F6D22 /* ReminderViewController.swift */,
				652A06862954A00C008F6D22 /* ReminderViewController+Row.swift */,
				65406345298D5139003B9FE5 /* ReminderViewController+Section.swift */,
				65406347298D5D14003B9FE5 /* ReminderViewController+CellConfiguration.swift */,
			);
			path = DetailViewController;
			sourceTree = "<group>";
		};
		65406349298D9A80003B9FE5 /* ContentViews */ = {
			isa = PBXGroup;
			children = (
				6540634A298D9A92003B9FE5 /* UIView+PinnedSubview.swift */,
				6540634C298D9BCB003B9FE5 /* TextFieldContentView.swift */,
				6540634E298D9D69003B9FE5 /* Configuration+Stateless.swift */,
				654063502991844F003B9FE5 /* TextViewContentView.swift */,
				65406352299185D3003B9FE5 /* DatePickerContentView.swift */,
			);
			path = ContentViews;
			sourceTree = "<group>";
		};
/* End PBXGroup section */

/* Begin PBXNativeTarget section */
		652A065729523820008F6D22 /* Today */ = {
			isa = PBXNativeTarget;
			buildConfigurationList = 652A066C29523821008F6D22 /* Build configuration list for PBXNativeTarget "Today" */;
			buildPhases = (
				652A065429523820008F6D22 /* Sources */,
				652A065529523820008F6D22 /* Frameworks */,
				652A065629523820008F6D22 /* Resources */,
			);
			buildRules = (
			);
			dependencies = (
			);
			name = Today;
			productName = Today;
			productReference = 652A065829523820008F6D22 /* Today.app */;
			productType = "com.apple.product-type.application";
		};
/* End PBXNativeTarget section */

/* Begin PBXProject section */
		652A065029523820008F6D22 /* Project object */ = {
			isa = PBXProject;
			attributes = {
				BuildIndependentTargetsInParallel = 1;
				LastSwiftUpdateCheck = 1400;
				LastUpgradeCheck = 1400;
				TargetAttributes = {
					652A065729523820008F6D22 = {
						CreatedOnToolsVersion = 14.0.1;
					};
				};
			};
			buildConfigurationList = 652A065329523820008F6D22 /* Build configuration list for PBXProject "Today" */;
			compatibilityVersion = "Xcode 14.0";
			developmentRegion = en;
			hasScannedForEncodings = 0;
			knownRegions = (
				en,
				Base,
			);
			mainGroup = 652A064F29523820008F6D22;
			productRefGroup = 652A065929523820008F6D22 /* Products */;
			projectDirPath = "";
			projectRoot = "";
			targets = (
				652A065729523820008F6D22 /* Today */,
			);
		};
/* End PBXProject section */

/* Begin PBXResourcesBuildPhase section */
		652A065629523820008F6D22 /* Resources */ = {
			isa = PBXResourcesBuildPhase;
			buildActionMask = 2147483647;
			files = (
				652A066829523821008F6D22 /* LaunchScreen.storyboard in Resources */,
				652A066529523821008F6D22 /* Assets.xcassets in Resources */,
				652A066329523820008F6D22 /* Main.storyboard in Resources */,
			);
			runOnlyForDeploymentPostprocessing = 0;
		};
/* End PBXResourcesBuildPhase section */

/* Begin PBXSourcesBuildPhase section */
		652A065429523820008F6D22 /* Sources */ = {
			isa = PBXSourcesBuildPhase;
			buildActionMask = 2147483647;
			files = (
				6540634B298D9A92003B9FE5 /* UIView+PinnedSubview.swift in Sources */,
				65406346298D5139003B9FE5 /* ReminderViewController+Section.swift in Sources */,
				65406353299185D3003B9FE5 /* DatePickerContentView.swift in Sources */,
				652A067D29537F7A008F6D22 /* UIColor+Today.swift in Sources */,
				6540634F298D9D69003B9FE5 /* Configuration+Stateless.swift in Sources */,
				652A068129538C8F008F6D22 /* ReminderListViewController+Actions.swift in Sources */,
				652A068329549D80008F6D22 /* ReminderViewController.swift in Sources */,
				652A066029523820008F6D22 /* ReminderListViewController.swift in Sources */,
				652A0673295241B3008F6D22 /* Date+Today.swift in Sources */,
				6540634D298D9BCB003B9FE5 /* TextFieldContentView.swift in Sources */,
				654063512991844F003B9FE5 /* TextViewContentView.swift in Sources */,
				652A06872954A00C008F6D22 /* ReminderViewController+Row.swift in Sources */,
				652A067F29538BFD008F6D22 /* ReminderDoneButton.swift in Sources */,
				652A065C29523820008F6D22 /* AppDelegate.swift in Sources */,
				65406348298D5D14003B9FE5 /* ReminderViewController+CellConfiguration.swift in Sources */,
				652A065E29523820008F6D22 /* SceneDelegate.swift in Sources */,
				652A067129523A6D008F6D22 /* Reminder.swift in Sources */,
				652A067B29537C5E008F6D22 /* ReminderListViewController+DataSource.swift in Sources */,
			);
			runOnlyForDeploymentPostprocessing = 0;
		};
/* End PBXSourcesBuildPhase section */

/* Begin PBXVariantGroup section */
		652A066129523820008F6D22 /* Main.storyboard */ = {
			isa = PBXVariantGroup;
			children = (
				652A066229523820008F6D22 /* Base */,
			);
			name = Main.storyboard;
			sourceTree = "<group>";
		};
		652A066629523821008F6D22 /* LaunchScreen.storyboard */ = {
			isa = PBXVariantGroup;
			children = (
				652A066729523821008F6D22 /* Base */,
			);
			name = LaunchScreen.storyboard;
			sourceTree = "<group>";
		};
/* End PBXVariantGroup section */

/* Begin XCBuildConfiguration section */
		652A066A29523821008F6D22 /* Debug */ = {
			isa = XCBuildConfiguration;
			buildSettings = {
				ALWAYS_SEARCH_USER_PATHS = NO;
				CLANG_ANALYZER_NONNULL = YES;
				CLANG_ANALYZER_NUMBER_OBJECT_CONVERSION = YES_AGGRESSIVE;
				CLANG_CXX_LANGUAGE_STANDARD = "gnu++20";
				CLANG_ENABLE_MODULES = YES;
				CLANG_ENABLE_OBJC_ARC = YES;
				CLANG_ENABLE_OBJC_WEAK = YES;
				CLANG_WARN_BLOCK_CAPTURE_AUTORELEASING = YES;
				CLANG_WARN_BOOL_CONVERSION = YES;
				CLANG_WARN_COMMA = YES;
				CLANG_WARN_CONSTANT_CONVERSION = YES;
				CLANG_WARN_DEPRECATED_OBJC_IMPLEMENTATIONS = YES;
				CLANG_WARN_DIRECT_OBJC_ISA_USAGE = YES_ERROR;
				CLANG_WARN_DOCUMENTATION_COMMENTS = YES;
				CLANG_WARN_EMPTY_BODY = YES;
				CLANG_WARN_ENUM_CONVERSION = YES;
				CLANG_WARN_INFINITE_RECURSION = YES;
				CLANG_WARN_INT_CONVERSION = YES;
				CLANG_WARN_NON_LITERAL_NULL_CONVERSION = YES;
				CLANG_WARN_OBJC_IMPLICIT_RETAIN_SELF = YES;
				CLANG_WARN_OBJC_LITERAL_CONVERSION = YES;
				CLANG_WARN_OBJC_ROOT_CLASS = YES_ERROR;
				CLANG_WARN_QUOTED_INCLUDE_IN_FRAMEWORK_HEADER = YES;
				CLANG_WARN_RANGE_LOOP_ANALYSIS = YES;
				CLANG_WARN_STRICT_PROTOTYPES = YES;
				CLANG_WARN_SUSPICIOUS_MOVE = YES;
				CLANG_WARN_UNGUARDED_AVAILABILITY = YES_AGGRESSIVE;
				CLANG_WARN_UNREACHABLE_CODE = YES;
				CLANG_WARN__DUPLICATE_METHOD_MATCH = YES;
				COPY_PHASE_STRIP = NO;
				DEBUG_INFORMATION_FORMAT = dwarf;
				ENABLE_STRICT_OBJC_MSGSEND = YES;
				ENABLE_TESTABILITY = YES;
				GCC_C_LANGUAGE_STANDARD = gnu11;
				GCC_DYNAMIC_NO_PIC = NO;
				GCC_NO_COMMON_BLOCKS = YES;
				GCC_OPTIMIZATION_LEVEL = 0;
				GCC_PREPROCESSOR_DEFINITIONS = (
					"DEBUG=1",
					"$(inherited)",
				);
				GCC_WARN_64_TO_32_BIT_CONVERSION = YES;
				GCC_WARN_ABOUT_RETURN_TYPE = YES_ERROR;
				GCC_WARN_UNDECLARED_SELECTOR = YES;
				GCC_WARN_UNINITIALIZED_AUTOS = YES_AGGRESSIVE;
				GCC_WARN_UNUSED_FUNCTION = YES;
				GCC_WARN_UNUSED_VARIABLE = YES;
				IPHONEOS_DEPLOYMENT_TARGET = 16.0;
				MTL_ENABLE_DEBUG_INFO = INCLUDE_SOURCE;
				MTL_FAST_MATH = YES;
				ONLY_ACTIVE_ARCH = YES;
				SDKROOT = iphoneos;
				SWIFT_ACTIVE_COMPILATION_CONDITIONS = DEBUG;
				SWIFT_OPTIMIZATION_LEVEL = "-Onone";
			};
			name = Debug;
		};
		652A066B29523821008F6D22 /* Release */ = {
			isa = XCBuildConfiguration;
			buildSettings = {
				ALWAYS_SEARCH_USER_PATHS = NO;
				CLANG_ANALYZER_NONNULL = YES;
				CLANG_ANALYZER_NUMBER_OBJECT_CONVERSION = YES_AGGRESSIVE;
				CLANG_CXX_LANGUAGE_STANDARD = "gnu++20";
				CLANG_ENABLE_MODULES = YES;
				CLANG_ENABLE_OBJC_ARC = YES;
				CLANG_ENABLE_OBJC_WEAK = YES;
				CLANG_WARN_BLOCK_CAPTURE_AUTORELEASING = YES;
				CLANG_WARN_BOOL_CONVERSION = YES;
				CLANG_WARN_COMMA = YES;
				CLANG_WARN_CONSTANT_CONVERSION = YES;
				CLANG_WARN_DEPRECATED_OBJC_IMPLEMENTATIONS = YES;
				CLANG_WARN_DIRECT_OBJC_ISA_USAGE = YES_ERROR;
				CLANG_WARN_DOCUMENTATION_COMMENTS = YES;
				CLANG_WARN_EMPTY_BODY = YES;
				CLANG_WARN_ENUM_CONVERSION = YES;
				CLANG_WARN_INFINITE_RECURSION = YES;
				CLANG_WARN_INT_CONVERSION = YES;
				CLANG_WARN_NON_LITERAL_NULL_CONVERSION = YES;
				CLANG_WARN_OBJC_IMPLICIT_RETAIN_SELF = YES;
				CLANG_WARN_OBJC_LITERAL_CONVERSION = YES;
				CLANG_WARN_OBJC_ROOT_CLASS = YES_ERROR;
				CLANG_WARN_QUOTED_INCLUDE_IN_FRAMEWORK_HEADER = YES;
				CLANG_WARN_RANGE_LOOP_ANALYSIS = YES;
				CLANG_WARN_STRICT_PROTOTYPES = YES;
				CLANG_WARN_SUSPICIOUS_MOVE = YES;
				CLANG_WARN_UNGUARDED_AVAILABILITY = YES_AGGRESSIVE;
				CLANG_WARN_UNREACHABLE_CODE = YES;
				CLANG_WARN__DUPLICATE_METHOD_MATCH = YES;
				COPY_PHASE_STRIP = NO;
				DEBUG_INFORMATION_FORMAT = "dwarf-with-dsym";
				ENABLE_NS_ASSERTIONS = NO;
				ENABLE_STRICT_OBJC_MSGSEND = YES;
				GCC_C_LANGUAGE_STANDARD = gnu11;
				GCC_NO_COMMON_BLOCKS = YES;
				GCC_WARN_64_TO_32_BIT_CONVERSION = YES;
				GCC_WARN_ABOUT_RETURN_TYPE = YES_ERROR;
				GCC_WARN_UNDECLARED_SELECTOR = YES;
				GCC_WARN_UNINITIALIZED_AUTOS = YES_AGGRESSIVE;
				GCC_WARN_UNUSED_FUNCTION = YES;
				GCC_WARN_UNUSED_VARIABLE = YES;
				IPHONEOS_DEPLOYMENT_TARGET = 16.0;
				MTL_ENABLE_DEBUG_INFO = NO;
				MTL_FAST_MATH = YES;
				SDKROOT = iphoneos;
				SWIFT_COMPILATION_MODE = wholemodule;
				SWIFT_OPTIMIZATION_LEVEL = "-O";
				VALIDATE_PRODUCT = YES;
			};
			name = Release;
		};
		652A066D29523821008F6D22 /* Debug */ = {
			isa = XCBuildConfiguration;
			buildSettings = {
				ASSETCATALOG_COMPILER_APPICON_NAME = AppIcon;
				ASSETCATALOG_COMPILER_GLOBAL_ACCENT_COLOR_NAME = AccentColor;
				CODE_SIGN_STYLE = Automatic;
				CURRENT_PROJECT_VERSION = 1;
				GENERATE_INFOPLIST_FILE = YES;
				INFOPLIST_FILE = Today/Info.plist;
				INFOPLIST_KEY_UIApplicationSupportsIndirectInputEvents = YES;
				INFOPLIST_KEY_UILaunchStoryboardName = LaunchScreen;
				INFOPLIST_KEY_UIMainStoryboardFile = Main;
				INFOPLIST_KEY_UISupportedInterfaceOrientations_iPad = "UIInterfaceOrientationPortrait UIInterfaceOrientationPortraitUpsideDown UIInterfaceOrientationLandscapeLeft UIInterfaceOrientationLandscapeRight";
				INFOPLIST_KEY_UISupportedInterfaceOrientations_iPhone = "UIInterfaceOrientationPortrait UIInterfaceOrientationLandscapeLeft UIInterfaceOrientationLandscapeRight";
				LD_RUNPATH_SEARCH_PATHS = (
					"$(inherited)",
					"@executable_path/Frameworks",
				);
				MARKETING_VERSION = 1.0;
				PRODUCT_BUNDLE_IDENTIFIER = andrecocuroci.Today;
				PRODUCT_NAME = "$(TARGET_NAME)";
				SWIFT_EMIT_LOC_STRINGS = YES;
				SWIFT_VERSION = 5.0;
				TARGETED_DEVICE_FAMILY = "1,2";
			};
			name = Debug;
		};
		652A066E29523821008F6D22 /* Release */ = {
			isa = XCBuildConfiguration;
			buildSettings = {
				ASSETCATALOG_COMPILER_APPICON_NAME = AppIcon;
				ASSETCATALOG_COMPILER_GLOBAL_ACCENT_COLOR_NAME = AccentColor;
				CODE_SIGN_STYLE = Automatic;
				CURRENT_PROJECT_VERSION = 1;
				GENERATE_INFOPLIST_FILE = YES;
				INFOPLIST_FILE = Today/Info.plist;
				INFOPLIST_KEY_UIApplicationSupportsIndirectInputEvents = YES;
				INFOPLIST_KEY_UILaunchStoryboardName = LaunchScreen;
				INFOPLIST_KEY_UIMainStoryboardFile = Main;
				INFOPLIST_KEY_UISupportedInterfaceOrientations_iPad = "UIInterfaceOrientationPortrait UIInterfaceOrientationPortraitUpsideDown UIInterfaceOrientationLandscapeLeft UIInterfaceOrientationLandscapeRight";
				INFOPLIST_KEY_UISupportedInterfaceOrientations_iPhone = "UIInterfaceOrientationPortrait UIInterfaceOrientationLandscapeLeft UIInterfaceOrientationLandscapeRight";
				LD_RUNPATH_SEARCH_PATHS = (
					"$(inherited)",
					"@executable_path/Frameworks",
				);
				MARKETING_VERSION = 1.0;
				PRODUCT_BUNDLE_IDENTIFIER = andrecocuroci.Today;
				PRODUCT_NAME = "$(TARGET_NAME)";
				SWIFT_EMIT_LOC_STRINGS = YES;
				SWIFT_VERSION = 5.0;
				TARGETED_DEVICE_FAMILY = "1,2";
			};
			name = Release;
		};
/* End XCBuildConfiguration section */

/* Begin XCConfigurationList section */
		652A065329523820008F6D22 /* Build configuration list for PBXProject "Today" */ = {
			isa = XCConfigurationList;
			buildConfigurations = (
				652A066A29523821008F6D22 /* Debug */,
				652A066B29523821008F6D22 /* Release */,
			);
			defaultConfigurationIsVisible = 0;
			defaultConfigurationName = Release;
		};
		652A066C29523821008F6D22 /* Build configuration list for PBXNativeTarget "Today" */ = {
			isa = XCConfigurationList;
			buildConfigurations = (
				652A066D29523821008F6D22 /* Debug */,
				652A066E29523821008F6D22 /* Release */,
			);
			defaultConfigurationIsVisible = 0;
			defaultConfigurationName = Release;
		};
/* End XCConfigurationList section */
	};
	rootObject = 652A065029523820008F6D22 /* Project object */;
}
